Microsoft Visual Studio Solution File, Format Version 12.00
# Visual Studio Version 17
VisualStudioVersion = 17.5.33414.496
MinimumVisualStudioVersion = 10.0.40219.1
Project("{9A19103F-16F7-4668-BE54-9A1E7A4F7556}") = "Deacom NNFX template", "Deacom NNFX template\Deacom NNFX template.csproj", "{CF24A0DB-62AE-48AB-A26E-6A7EC4903A68}"
EndProject
Project("{D954291E-2A0B-460D-934E-DC6B0785DB48}") = "NNFX_MoneyManagement", "NNFX_MoneyManagement\NNFX_MoneyManagement.shproj", "{2F3FC53F-0C29-4DEB-B0B5-1D9D8EDDB407}"
EndProject
Project("{9A19103F-16F7-4668-BE54-9A1E7A4F7556}") = "SSL Channel", "SSL Channel\SSL Channel.csproj", "{11B3EDB9-3964-479D-B2B4-7197C2E9A59A}"
EndProject
Project("{FAE04EC0-301F-11D3-BF4B-00C04F79EFBC}") = "_ZTrendPivotsMACDRSIcBotRISK", "_ZTrendPivotsMACDRSIcBotRISK\_ZTrendPivotsMACDRSIcBotRISK.csproj", "{B141EBAD-7F30-4A33-971F-6EE081F39E7E}"
EndProject
Global
	GlobalSection(SolutionConfigurationPlatforms) = preSolution
		Debug|Any CPU = Debug|Any CPU
		Release|Any CPU = Release|Any CPU
	EndGlobalSection
	GlobalSection(ProjectConfigurationPlatforms) = postSolution
		{CF24A0DB-62AE-48AB-A26E-6A7EC4903A68}.Debug|Any CPU.ActiveCfg = Debug|Any CPU
		{CF24A0DB-62AE-48AB-A26E-6A7EC4903A68}.Debug|Any CPU.Build.0 = Debug|Any CPU
		{CF24A0DB-62AE-48AB-A26E-6A7EC4903A68}.Release|Any CPU.ActiveCfg = Release|Any CPU
		{CF24A0DB-62AE-48AB-A26E-6A7EC4903A68}.Release|Any CPU.Build.0 = Release|Any CPU
		{11B3EDB9-3964-479D-B2B4-7197C2E9A59A}.Debug|Any CPU.ActiveCfg = Debug|Any CPU
		{11B3EDB9-3964-479D-B2B4-7197C2E9A59A}.Debug|Any CPU.Build.0 = Debug|Any CPU
		{11B3EDB9-3964-479D-B2B4-7197C2E9A59A}.Release|Any CPU.ActiveCfg = Release|Any CPU
		{11B3EDB9-3964-479D-B2B4-7197C2E9A59A}.Release|Any CPU.Build.0 = Release|Any CPU
		{B141EBAD-7F30-4A33-971F-6EE081F39E7E}.Debug|Any CPU.ActiveCfg = Debug|Any CPU
		{B141EBAD-7F30-4A33-971F-6EE081F39E7E}.Debug|Any CPU.Build.0 = Debug|Any CPU
		{B141EBAD-7F30-4A33-971F-6EE081F39E7E}.Release|Any CPU.ActiveCfg = Release|Any CPU
		{B141EBAD-7F30-4A33-971F-6EE081F39E7E}.Release|Any CPU.Build.0 = Release|Any CPU
	EndGlobalSection
	GlobalSection(SolutionProperties) = preSolution
		HideSolutionNode = FALSE
	EndGlobalSection
	GlobalSection(ExtensibilityGlobals) = postSolution
		SolutionGuid = {696F1E85-8428-44AA-92BC-B923E46EF7FD}
	EndGlobalSection
	GlobalSection(SharedMSBuildProjectFiles) = preSolution
		NNFX_MoneyManagement\NNFX_MoneyManagement.projitems*{2f3fc53f-0c29-4deb-b0b5-1d9d8eddb407}*SharedItemsImports = 13
		NNFX_MoneyManagement\NNFX_MoneyManagement.projitems*{b141ebad-7f30-4a33-971f-6ee081f39e7e}*SharedItemsImports = 5
		NNFX_MoneyManagement\NNFX_MoneyManagement.projitems*{cf24a0db-62ae-48ab-a26e-6a7ec4903a68}*SharedItemsImports = 5
	EndGlobalSection
EndGlobal
